PODS:
  - UCube (0.5.33):
    - Zip (~> 2.1)
  - Zip (2.1.2)

DEPENDENCIES:
  - UCube (from `../mPOS-SDK-IOS-Source-Code`)

SPEC REPOS:
  trunk:
    - Zip

EXTERNAL SOURCES:
  UCube:
    :path: "../mPOS-SDK-IOS-Source-Code"

SPEC CHECKSUMS:
  UCube: a2d1f8148be6930a752f10f6f61ae9151e1d40d9
  Zip: b3fef584b147b6e582b2256a9815c897d60ddc67

PODFILE CHECKSUM: c89f9afa203d1a6f82df2e29b6b6a914c04863bf

COCOAPODS: 1.11.3
