PODS:
  - UCube (0.4.6):
    - Zip (~> 1.1)
  - Zip (1.1.0)

DEPENDENCIES:
  - UCube (from `../mPOS-SDK-IOS-Source-Code`)

SPEC REPOS:
  trunk:
    - Zip

EXTERNAL SOURCES:
  UCube:
    :path: "../mPOS-SDK-IOS-Source-Code"

SPEC CHECKSUMS:
  UCube: 4bc5ce5b7fae37f2f8f72060c465142321e27700
  Zip: 8877eede3dda76bcac281225c20e71c25270774c

PODFILE CHECKSUM: f8cb413790b75816020b87c6ba0287a83c6757f8

COCOAPODS: 1.9.3
