PODS:
  - UCube (0.5.30):
    - Zip (~> 2.1)
  - Zip (2.1.2)

DEPENDENCIES:
  - UCube (from `../mPOS-SDK-IOS-Source-Code`)

SPEC REPOS:
  trunk:
    - Zip

EXTERNAL SOURCES:
  UCube:
    :path: "../mPOS-SDK-IOS-Source-Code"

SPEC CHECKSUMS:
  UCube: ce772212ff27265fa5418913300365a4a635e320
  Zip: b3fef584b147b6e582b2256a9815c897d60ddc67

PODFILE CHECKSUM: 4a7be03878637c5795b875893fa4a51becc0a416

COCOAPODS: 1.11.3
